// !$*UTF8*$!
{
	archiveVersion = 1;
	classes = {
	};
	objectVersion = 77;
	objects = {

/* Begin PBXBuildFile section */
		164004202EDC8E92005B5A93 /* FirebaseAI in Frameworks */ = {isa = PBXBuildFile; productRef = 1640041F2EDC8E92005B5A93 /* FirebaseAI */; };
		164004222EDC8E92005B5A93 /* FirebaseAILogic in Frameworks */ = {isa = PBXBuildFile; productRef = 164004212EDC8E92005B5A93 /* FirebaseAILogic */; };
/* End PBXBuildFile section */

/* Begin PBXContainerItemProxy section */
		161CF5E82DB4EBA3008B3DE2 /* PBXContainerItemProxy */ = {
			isa = PBXContainerItemProxy;
			containerPortal = 161CF5D22DB4EBA1008B3DE2 /* Project object */;
			proxyType = 1;
			remoteGlobalIDString = 161CF5D92DB4EBA1008B3DE2;
			remoteInfo = BROKE;
		};
		161CF5F22DB4EBA3008B3DE2 /* PBXContainerItemProxy */ = {
			isa = PBXContainerItemProxy;
			containerPortal = 161CF5D22DB4EBA1008B3DE2 /* Project object */;
			proxyType = 1;
			remoteGlobalIDString = 161CF5D92DB4EBA1008B3DE2;
			remoteInfo = BROKE;
		};
/* End PBXContainerItemProxy section */

/* Begin PBXFileReference section */
		161CF5DA2DB4EBA1008B3DE2 /* BROKE.app */ = {isa = PBXFileReference; explicitFileType = wrapper.application; includeInIndex = 0; path = BROKE.app; sourceTree = BUILT_PRODUCTS_DIR; };
		161CF5E72DB4EBA3008B3DE2 /* BROKETests.xctest */ = {isa = PBXFileReference; explicitFileType = wrapper.cfbundle; includeInIndex = 0; path = BROKETests.xctest; sourceTree = BUILT_PRODUCTS_DIR; };
		161CF5F12DB4EBA3008B3DE2 /* BROKEUITests.xctest */ = {isa = PBXFileReference; explicitFileType = wrapper.cfbundle; includeInIndex = 0; path = BROKEUITests.xctest; sourceTree = BUILT_PRODUCTS_DIR; };
/* End PBXFileReference section */

/* Begin PBXFileSystemSynchronizedBuildFileExceptionSet section */
		161CF62A2DB4F37F008B3DE2 /* Exceptions for "BROKE" folder in "BROKE" target */ = {
			isa = PBXFileSystemSynchronizedBuildFileExceptionSet;
			membershipExceptions = (
				Info.plist,
			);
			target = 161CF5D92DB4EBA1008B3DE2 /* BROKE */;
		};
/* End PBXFileSystemSynchronizedBuildFileExceptionSet section */

/* Begin PBXFileSystemSynchronizedRootGroup section */
		161CF5DC2DB4EBA1008B3DE2 /* BROKE */ = {
			isa = PBXFileSystemSynchronizedRootGroup;
			exceptions = (
				161CF62A2DB4F37F008B3DE2 /* Exceptions for "BROKE" folder in "BROKE" target */,
			);
			path = BROKE;
			sourceTree = "<group>";
		};
		161CF5EA2DB4EBA3008B3DE2 /* BROKETests */ = {
			isa = PBXFileSystemSynchronizedRootGroup;
			path = BROKETests;
			sourceTree = "<group>";
		};
		161CF5F42DB4EBA3008B3DE2 /* BROKEUITests */ = {
			isa = PBXFileSystemSynchronizedRootGroup;
			path = BROKEUITests;
			sourceTree = "<group>";
		};
/* End PBXFileSystemSynchronizedRootGroup section */

/* Begin PBXFrameworksBuildPhase section */
		161CF5D72DB4EBA1008B3DE2 /* Frameworks */ = {
			isa = PBXFrameworksBuildPhase;
			buildActionMask = 2147483647;
			files = (
				164004222EDC8E92005B5A93 /* FirebaseAILogic in Frameworks */,
				164004202EDC8E92005B5A93 /* FirebaseAI in Frameworks */,
			);
			runOnlyForDeploymentPostprocessing = 0;
		};
		161CF5E42DB4EBA3008B3DE2 /* Frameworks */ = {
			isa = PBXFrameworksBuildPhase;
			buildActionMask = 2147483647;
			files = (
			);
			runOnlyForDeploymentPostprocessing = 0;
		};
		161CF5EE2DB4EBA3008B3DE2 /* Frameworks */ = {
			isa = PBXFrameworksBuildPhase;
			buildActionMask = 2147483647;
			files = (
			);
			runOnlyForDeploymentPostprocessing = 0;
		};
/* End PBXFrameworksBuildPhase section */

/* Begin PBXGroup section */
		161CF5D12DB4EBA1008B3DE2 = {
			isa = PBXGroup;
			children = (
				161CF5DC2DB4EBA1008B3DE2 /* BROKE */,
				161CF5EA2DB4EBA3008B3DE2 /* BROKETests */,
				161CF5F42DB4EBA3008B3DE2 /* BROKEUITests */,
				161CF5DB2DB4EBA1008B3DE2 /* Products */,
			);
			sourceTree = "<group>";
		};
		161CF5DB2DB4EBA1008B3DE2 /* Products */ = {
			isa = PBXGroup;
			children = (
				161CF5DA2DB4EBA1008B3DE2 /* BROKE.app */,
				161CF5E72DB4EBA3008B3DE2 /* BROKETests.xctest */,
				161CF5F12DB4EBA3008B3DE2 /* BROKEUITests.xctest */,
			);
			name = Products;
			sourceTree = "<group>";
		};
/* End PBXGroup section */

/* Begin PBXNativeTarget section */
		161CF5D92DB4EBA1008B3DE2 /* BROKE */ = {
			isa = PBXNativeTarget;
			buildConfigurationList = 161CF5FB2DB4EBA3008B3DE2 /* Build configuration list for PBXNativeTarget "BROKE" */;
			buildPhases = (
				161CF5D62DB4EBA1008B3DE2 /* Sources */,
				161CF5D72DB4EBA1008B3DE2 /* Frameworks */,
				161CF5D82DB4EBA1008B3DE2 /* Resources */,
			);
			buildRules = (
			);
			dependencies = (
			);
			fileSystemSynchronizedGroups = (
				161CF5DC2DB4EBA1008B3DE2 /* BROKE */,
			);
			name = BROKE;
			packageProductDependencies = (
				1640041F2EDC8E92005B5A93 /* FirebaseAI */,
				164004212EDC8E92005B5A93 /* FirebaseAILogic */,
			);
			productName = BROKE;
			productReference = 161CF5DA2DB4EBA1008B3DE2 /* BROKE.app */;
			productType = "com.apple.product-type.application";
		};
		161CF5E62DB4EBA3008B3DE2 /* BROKETests */ = {
			isa = PBXNativeTarget;
			buildConfigurationList = 161CF5FE2DB4EBA3008B3DE2 /* Build configuration list for PBXNativeTarget "BROKETests" */;
			buildPhases = (
				161CF5E32DB4EBA3008B3DE2 /* Sources */,
				161CF5E42DB4EBA3008B3DE2 /* Frameworks */,
				161CF5E52DB4EBA3008B3DE2 /* Resources */,
			);
			buildRules = (
			);
			dependencies = (
				161CF5E92DB4EBA3008B3DE2 /* PBXTargetDependency */,
			);
			fileSystemSynchronizedGroups = (
				161CF5EA2DB4EBA3008B3DE2 /* BROKETests */,
			);
			name = BROKETests;
			packageProductDependencies = (
			);
			productName = BROKETests;
			productReference = 161CF5E72DB4EBA3008B3DE2 /* BROKETests.xctest */;
			productType = "com.apple.product-type.bundle.unit-test";
		};
		161CF5F02DB4EBA3008B3DE2 /* BROKEUITests */ = {
			isa = PBXNativeTarget;
			buildConfigurationList = 161CF6012DB4EBA3008B3DE2 /* Build configuration list for PBXNativeTarget "BROKEUITests" */;
			buildPhases = (
				161CF5ED2DB4EBA3008B3DE2 /* Sources */,
				161CF5EE2DB4EBA3008B3DE2 /* Frameworks */,
				161CF5EF2DB4EBA3008B3DE2 /* Resources */,
			);
			buildRules = (
			);
			dependencies = (
				161CF5F32DB4EBA3008B3DE2 /* PBXTargetDependency */,
			);
			fileSystemSynchronizedGroups = (
				161CF5F42DB4EBA3008B3DE2 /* BROKEUITests */,
			);
			name = BROKEUITests;
			packageProductDependencies = (
			);
			productName = BROKEUITests;
			productReference = 161CF5F12DB4EBA3008B3DE2 /* BROKEUITests.xctest */;
			productType = "com.apple.product-type.bundle.ui-testing";
		};
/* End PBXNativeTarget section */

/* Begin PBXProject section */
		161CF5D22DB4EBA1008B3DE2 /* Project object */ = {
			isa = PBXProject;
			attributes = {
				BuildIndependentTargetsInParallel = 1;
				LastSwiftUpdateCheck = 1630;
				LastUpgradeCheck = 1630;
				TargetAttributes = {
					161CF5D92DB4EBA1008B3DE2 = {
						CreatedOnToolsVersion = 16.3;
					};
					161CF5E62DB4EBA3008B3DE2 = {
						CreatedOnToolsVersion = 16.3;
						TestTargetID = 161CF5D92DB4EBA1008B3DE2;
					};
					161CF5F02DB4EBA3008B3DE2 = {
						CreatedOnToolsVersion = 16.3;
						TestTargetID = 161CF5D92DB4EBA1008B3DE2;
					};
				};
			};
			buildConfigurationList = 161CF5D52DB4EBA1008B3DE2 /* Build configuration list for PBXProject "BROKE" */;
			developmentRegion = en;
			hasScannedForEncodings = 0;
			knownRegions = (
				en,
				Base,
			);
			mainGroup = 161CF5D12DB4EBA1008B3DE2;
			minimizedProjectReferenceProxies = 1;
			packageReferences = (
				1640041E2EDC8E92005B5A93 /* XCRemoteSwiftPackageReference "firebase-ios-sdk" */,
			);
			preferredProjectObjectVersion = 77;
			productRefGroup = 161CF5DB2DB4EBA1008B3DE2 /* Products */;
			projectDirPath = "";
			projectRoot = "";
			targets = (
				161CF5D92DB4EBA1008B3DE2 /* BROKE */,
				161CF5E62DB4EBA3008B3DE2 /* BROKETests */,
				161CF5F02DB4EBA3008B3DE2 /* BROKEUITests */,
			);
		};
/* End PBXProject section */

/* Begin PBXResourcesBuildPhase section */
		161CF5D82DB4EBA1008B3DE2 /* Resources */ = {
			isa = PBXResourcesBuildPhase;
			buildActionMask = 2147483647;
			files = (
			);
			runOnlyForDeploymentPostprocessing = 0;
		};
		161CF5E52DB4EBA3008B3DE2 /* Resources */ = {
			isa = PBXResourcesBuildPhase;
			buildActionMask = 2147483647;
			files = (
			);
			runOnlyForDeploymentPostprocessing = 0;
		};
		161CF5EF2DB4EBA3008B3DE2 /* Resources */ = {
			isa = PBXResourcesBuildPhase;
			buildActionMask = 2147483647;
			files = (
			);
			runOnlyForDeploymentPostprocessing = 0;
		};
/* End PBXResourcesBuildPhase section */

/* Begin PBXSourcesBuildPhase section */
		161CF5D62DB4EBA1008B3DE2 /* Sources */ = {
			isa = PBXSourcesBuildPhase;
			buildActionMask = 2147483647;
			files = (
			);
			runOnlyForDeploymentPostprocessing = 0;
		};
		161CF5E32DB4EBA3008B3DE2 /* Sources */ = {
			isa = PBXSourcesBuildPhase;
			buildActionMask = 2147483647;
			files = (
			);
			runOnlyForDeploymentPostprocessing = 0;
		};
		161CF5ED2DB4EBA3008B3DE2 /* Sources */ = {
			isa = PBXSourcesBuildPhase;
			buildActionMask = 2147483647;
			files = (
			);
			runOnlyForDeploymentPostprocessing = 0;
		};
/* End PBXSourcesBuildPhase section */

/* Begin PBXTargetDependency section */
		161CF5E92DB4EBA3008B3DE2 /* PBXTargetDependency */ = {
			isa = PBXTargetDependency;
			target = 161CF5D92DB4EBA1008B3DE2 /* BROKE */;
			targetProxy = 161CF5E82DB4EBA3008B3DE2 /* PBXContainerItemProxy */;
		};
		161CF5F32DB4EBA3008B3DE2 /* PBXTargetDependency */ = {
			isa = PBXTargetDependency;
			target = 161CF5D92DB4EBA1008B3DE2 /* BROKE */;
			targetProxy = 161CF5F22DB4EBA3008B3DE2 /* PBXContainerItemProxy */;
		};
/* End PBXTargetDependency section */

/* Begin XCBuildConfiguration section */
		161CF5F92DB4EBA3008B3DE2 /* Debug */ = {
			isa = XCBuildConfiguration;
			buildSettings = {
				ALWAYS_SEARCH_USER_PATHS = NO;
				ASSETCATALOG_COMPILER_GENERATE_SWIFT_ASSET_SYMBOL_EXTENSIONS = YES;
				CLANG_ANALYZER_NONNULL = YES;
				CLANG_ANALYZER_NUMBER_OBJECT_CONVERSION = YES_AGGRESSIVE;
				CLANG_CXX_LANGUAGE_STANDARD = "gnu++20";
				CLANG_ENABLE_MODULES = YES;
				CLANG_ENABLE_OBJC_ARC = YES;
				CLANG_ENABLE_OBJC_WEAK = YES;
				CLANG_WARN_BLOCK_CAPTURE_AUTORELEASING = YES;
				CLANG_WARN_BOOL_CONVERSION = YES;
				CLANG_WARN_COMMA = YES;
				CLANG_WARN_CONSTANT_CONVERSION = YES;
				CLANG_WARN_DEPRECATED_OBJC_IMPLEMENTATIONS = YES;
				CLANG_WARN_DIRECT_OBJC_ISA_USAGE = YES_ERROR;
				CLANG_WARN_DOCUMENTATION_COMMENTS = YES;
				CLANG_WARN_EMPTY_BODY = YES;
				CLANG_WARN_ENUM_CONVERSION = YES;
				CLANG_WARN_INFINITE_RECURSION = YES;
				CLANG_WARN_INT_CONVERSION = YES;
				CLANG_WARN_NON_LITERAL_NULL_CONVERSION = YES;
				CLANG_WARN_OBJC_IMPLICIT_RETAIN_SELF = YES;
				CLANG_WARN_OBJC_LITERAL_CONVERSION = YES;
				CLANG_WARN_OBJC_ROOT_CLASS = YES_ERROR;
				CLANG_WARN_QUOTED_INCLUDE_IN_FRAMEWORK_HEADER = YES;
				CLANG_WARN_RANGE_LOOP_ANALYSIS = YES;
				CLANG_WARN_STRICT_PROTOTYPES = YES;
				CLANG_WARN_SUSPICIOUS_MOVE = YES;
				CLANG_WARN_UNGUARDED_AVAILABILITY = YES_AGGRESSIVE;
				CLANG_WARN_UNREACHABLE_CODE = YES;
				CLANG_WARN__DUPLICATE_METHOD_MATCH = YES;
				COPY_PHASE_STRIP = NO;
				DEBUG_INFORMATION_FORMAT = dwarf;
				ENABLE_STRICT_OBJC_MSGSEND = YES;
				ENABLE_TESTABILITY = YES;
				ENABLE_USER_SCRIPT_SANDBOXING = YES;
				GCC_C_LANGUAGE_STANDARD = gnu17;
				GCC_DYNAMIC_NO_PIC = NO;
				GCC_NO_COMMON_BLOCKS = YES;
				GCC_OPTIMIZATION_LEVEL = 0;
				GCC_PREPROCESSOR_DEFINITIONS = (
					"DEBUG=1",
					"$(inherited)",
				);
				GCC_WARN_64_TO_32_BIT_CONVERSION = YES;
				GCC_WARN_ABOUT_RETURN_TYPE = YES_ERROR;
				GCC_WARN_UNDECLARED_SELECTOR = YES;
				GCC_WARN_UNINITIALIZED_AUTOS = YES_AGGRESSIVE;
				GCC_WARN_UNUSED_FUNCTION = YES;
				GCC_WARN_UNUSED_VARIABLE = YES;
				IPHONEOS_DEPLOYMENT_TARGET = 18.4;
				LOCALIZATION_PREFERS_STRING_CATALOGS = YES;
				MTL_ENABLE_DEBUG_INFO = INCLUDE_SOURCE;
				MTL_FAST_MATH = YES;
				ONLY_ACTIVE_ARCH = YES;
				SDKROOT = iphoneos;
				SWIFT_ACTIVE_COMPILATION_CONDITIONS = "DEBUG $(inherited)";
				SWIFT_OPTIMIZATION_LEVEL = "-Onone";
			};
			name = Debug;
		};
		161CF5FA2DB4EBA3008B3DE2 /* Release */ = {
			isa = XCBuildConfiguration;
			buildSettings = {
				ALWAYS_SEARCH_USER_PATHS = NO;
				ASSETCATALOG_COMPILER_GENERATE_SWIFT_ASSET_SYMBOL_EXTENSIONS = YES;
				CLANG_ANALYZER_NONNULL = YES;
				CLANG_ANALYZER_NUMBER_OBJECT_CONVERSION = YES_AGGRESSIVE;
				CLANG_CXX_LANGUAGE_STANDARD = "gnu++20";
				CLANG_ENABLE_MODULES = YES;
				CLANG_ENABLE_OBJC_ARC = YES;
				CLANG_ENABLE_OBJC_WEAK = YES;
				CLANG_WARN_BLOCK_CAPTURE_AUTORELEASING = YES;
				CLANG_WARN_BOOL_CONVERSION = YES;
				CLANG_WARN_COMMA = YES;
				CLANG_WARN_CONSTANT_CONVERSION = YES;
				CLANG_WARN_DEPRECATED_OBJC_IMPLEMENTATIONS = YES;
				CLANG_WARN_DIRECT_OBJC_ISA_USAGE = YES_ERROR;
				CLANG_WARN_DOCUMENTATION_COMMENTS = YES;
				CLANG_WARN_EMPTY_BODY = YES;
				CLANG_WARN_ENUM_CONVERSION = YES;
				CLANG_WARN_INFINITE_RECURSION = YES;
				CLANG_WARN_INT_CONVERSION = YES;
				CLANG_WARN_NON_LITERAL_NULL_CONVERSION = YES;
				CLANG_WARN_OBJC_IMPLICIT_RETAIN_SELF = YES;
				CLANG_WARN_OBJC_LITERAL_CONVERSION = YES;
				CLANG_WARN_OBJC_ROOT_CLASS = YES_ERROR;
				CLANG_WARN_QUOTED_INCLUDE_IN_FRAMEWORK_HEADER = YES;
				CLANG_WARN_RANGE_LOOP_ANALYSIS = YES;
				CLANG_WARN_STRICT_PROTOTYPES = YES;
				CLANG_WARN_SUSPICIOUS_MOVE = YES;
				CLANG_WARN_UNGUARDED_AVAILABILITY = YES_AGGRESSIVE;
				CLANG_WARN_UNREACHABLE_CODE = YES;
				CLANG_WARN__DUPLICATE_METHOD_MATCH = YES;
				COPY_PHASE_STRIP = NO;
				DEBUG_INFORMATION_FORMAT = "dwarf-with-dsym";
				ENABLE_NS_ASSERTIONS = NO;
				ENABLE_STRICT_OBJC_MSGSEND = YES;
				ENABLE_USER_SCRIPT_SANDBOXING = YES;
				GCC_C_LANGUAGE_STANDARD = gnu17;
				GCC_NO_COMMON_BLOCKS = YES;
				GCC_WARN_64_TO_32_BIT_CONVERSION = YES;
				GCC_WARN_ABOUT_RETURN_TYPE = YES_ERROR;
				GCC_WARN_UNDECLARED_SELECTOR = YES;
				GCC_WARN_UNINITIALIZED_AUTOS = YES_AGGRESSIVE;
				GCC_WARN_UNUSED_FUNCTION = YES;
				GCC_WARN_UNUSED_VARIABLE = YES;
				IPHONEOS_DEPLOYMENT_TARGET = 18.4;
				LOCALIZATION_PREFERS_STRING_CATALOGS = YES;
				MTL_ENABLE_DEBUG_INFO = NO;
				MTL_FAST_MATH = YES;
				SDKROOT = iphoneos;
				SWIFT_COMPILATION_MODE = wholemodule;
				VALIDATE_PRODUCT = YES;
			};
			name = Release;
		};
		161CF5FC2DB4EBA3008B3DE2 /* Debug */ = {
			isa = XCBuildConfiguration;
			buildSettings = {
				ASSETCATALOG_COMPILER_APPICON_NAME = AppIcon;
				ASSETCATALOG_COMPILER_GLOBAL_ACCENT_COLOR_NAME = AccentColor;
				CODE_SIGN_STYLE = Automatic;
				CURRENT_PROJECT_VERSION = 1;
				DEVELOPMENT_TEAM = GQRATMC98W;
				ENABLE_PREVIEWS = YES;
				GENERATE_INFOPLIST_FILE = NO;
				INFOPLIST_FILE = BROKE/Info.plist;
				INFOPLIST_KEY_CFBundleDisplayName = MeoaJotClone;
				INFOPLIST_KEY_UIApplicationSceneManifest_Generation = YES;
				INFOPLIST_KEY_UIApplicationSupportsIndirectInputEvents = YES;
				INFOPLIST_KEY_UILaunchScreen_Generation = YES;
				INFOPLIST_KEY_UISupportedInterfaceOrientations_iPad = "UIInterfaceOrientationPortrait UIInterfaceOrientationPortraitUpsideDown UIInterfaceOrientationLandscapeLeft UIInterfaceOrientationLandscapeRight";
				INFOPLIST_KEY_UISupportedInterfaceOrientations_iPhone = "UIInterfaceOrientationPortrait UIInterfaceOrientationLandscapeLeft UIInterfaceOrientationLandscapeRight";
				LD_RUNPATH_SEARCH_PATHS = (
					"$(inherited)",
					"@executable_path/Frameworks",
				);
				MARKETING_VERSION = 1.0;
				PRODUCT_BUNDLE_IDENTIFIER = "com.meow-jot-2";
				PRODUCT_NAME = "$(TARGET_NAME)";
				SWIFT_EMIT_LOC_STRINGS = YES;
				SWIFT_VERSION = 5.0;
				TARGETED_DEVICE_FAMILY = "1,2";
			};
			name = Debug;
		};
		161CF5FD2DB4EBA3008B3DE2 /* Release */ = {
			isa = XCBuildConfiguration;
			buildSettings = {
				ASSETCATALOG_COMPILER_APPICON_NAME = AppIcon;
				ASSETCATALOG_COMPILER_GLOBAL_ACCENT_COLOR_NAME = AccentColor;
				CODE_SIGN_STYLE = Automatic;
				CURRENT_PROJECT_VERSION = 1;
				DEVELOPMENT_TEAM = GQRATMC98W;
				ENABLE_PREVIEWS = YES;
				GENERATE_INFOPLIST_FILE = NO;
				INFOPLIST_FILE = BROKE/Info.plist;
				INFOPLIST_KEY_CFBundleDisplayName = MeoaJotClone;
				INFOPLIST_KEY_UIApplicationSceneManifest_Generation = YES;
				INFOPLIST_KEY_UIApplicationSupportsIndirectInputEvents = YES;
				INFOPLIST_KEY_UILaunchScreen_Generation = YES;
				INFOPLIST_KEY_UISupportedInterfaceOrientations_iPad = "UIInterfaceOrientationPortrait UIInterfaceOrientationPortraitUpsideDown UIInterfaceOrientationLandscapeLeft UIInterfaceOrientationLandscapeRight";
				INFOPLIST_KEY_UISupportedInterfaceOrientations_iPhone = "UIInterfaceOrientationPortrait UIInterfaceOrientationLandscapeLeft UIInterfaceOrientationLandscapeRight";
				LD_RUNPATH_SEARCH_PATHS = (
					"$(inherited)",
					"@executable_path/Frameworks",
				);
				MARKETING_VERSION = 1.0;
				PRODUCT_BUNDLE_IDENTIFIER = "com.meow-jot-2";
				PRODUCT_NAME = "$(TARGET_NAME)";
				SWIFT_EMIT_LOC_STRINGS = YES;
				SWIFT_VERSION = 5.0;
				TARGETED_DEVICE_FAMILY = "1,2";
			};
			name = Release;
		};
		161CF5FF2DB4EBA3008B3DE2 /* Debug */ = {
			isa = XCBuildConfiguration;
			buildSettings = {
				BUNDLE_LOADER = "$(TEST_HOST)";
				CODE_SIGN_STYLE = Automatic;
				CURRENT_PROJECT_VERSION = 1;
				GENERATE_INFOPLIST_FILE = YES;
				IPHONEOS_DEPLOYMENT_TARGET = 18.4;
				MARKETING_VERSION = 1.0;
				PRODUCT_BUNDLE_IDENTIFIER = meep.BROKETests;
				PRODUCT_NAME = "$(TARGET_NAME)";
				SWIFT_EMIT_LOC_STRINGS = NO;
				SWIFT_VERSION = 5.0;
				TARGETED_DEVICE_FAMILY = "1,2";
				TEST_HOST = "$(BUILT_PRODUCTS_DIR)/BROKE.app/$(BUNDLE_EXECUTABLE_FOLDER_PATH)/BROKE";
			};
			name = Debug;
		};
		161CF6002DB4EBA3008B3DE2 /* Release */ = {
			isa = XCBuildConfiguration;
			buildSettings = {
				BUNDLE_LOADER = "$(TEST_HOST)";
				CODE_SIGN_STYLE = Automatic;
				CURRENT_PROJECT_VERSION = 1;
				GENERATE_INFOPLIST_FILE = YES;
				IPHONEOS_DEPLOYMENT_TARGET = 18.4;
				MARKETING_VERSION = 1.0;
				PRODUCT_BUNDLE_IDENTIFIER = meep.BROKETests;
				PRODUCT_NAME = "$(TARGET_NAME)";
				SWIFT_EMIT_LOC_STRINGS = NO;
				SWIFT_VERSION = 5.0;
				TARGETED_DEVICE_FAMILY = "1,2";
				TEST_HOST = "$(BUILT_PRODUCTS_DIR)/BROKE.app/$(BUNDLE_EXECUTABLE_FOLDER_PATH)/BROKE";
			};
			name = Release;
		};
		161CF6022DB4EBA3008B3DE2 /* Debug */ = {
			isa = XCBuildConfiguration;
			buildSettings = {
				CODE_SIGN_STYLE = Automatic;
				CURRENT_PROJECT_VERSION = 1;
				GENERATE_INFOPLIST_FILE = YES;
				MARKETING_VERSION = 1.0;
				PRODUCT_BUNDLE_IDENTIFIER = meep.BROKEUITests;
				PRODUCT_NAME = "$(TARGET_NAME)";
				SWIFT_EMIT_LOC_STRINGS = NO;
				SWIFT_VERSION = 5.0;
				TARGETED_DEVICE_FAMILY = "1,2";
				TEST_TARGET_NAME = BROKE;
			};
			name = Debug;
		};
		161CF6032DB4EBA3008B3DE2 /* Release */ = {
			isa = XCBuildConfiguration;
			buildSettings = {
				CODE_SIGN_STYLE = Automatic;
				CURRENT_PROJECT_VERSION = 1;
				GENERATE_INFOPLIST_FILE = YES;
				MARKETING_VERSION = 1.0;
				PRODUCT_BUNDLE_IDENTIFIER = meep.BROKEUITests;
				PRODUCT_NAME = "$(TARGET_NAME)";
				SWIFT_EMIT_LOC_STRINGS = NO;
				SWIFT_VERSION = 5.0;
				TARGETED_DEVICE_FAMILY = "1,2";
				TEST_TARGET_NAME = BROKE;
			};
			name = Release;
		};
/* End XCBuildConfiguration section */

/* Begin XCConfigurationList section */
		161CF5D52DB4EBA1008B3DE2 /* Build configuration list for PBXProject "BROKE" */ = {
			isa = XCConfigurationList;
			buildConfigurations = (
				161CF5F92DB4EBA3008B3DE2 /* Debug */,
				161CF5FA2DB4EBA3008B3DE2 /* Release */,
			);
			defaultConfigurationIsVisible = 0;
			defaultConfigurationName = Release;
		};
		161CF5FB2DB4EBA3008B3DE2 /* Build configuration list for PBXNativeTarget "BROKE" */ = {
			isa = XCConfigurationList;
			buildConfigurations = (
				161CF5FC2DB4EBA3008B3DE2 /* Debug */,
				161CF5FD2DB4EBA3008B3DE2 /* Release */,
			);
			defaultConfigurationIsVisible = 0;
			defaultConfigurationName = Release;
		};
		161CF5FE2DB4EBA3008B3DE2 /* Build configuration list for PBXNativeTarget "BROKETests" */ = {
			isa = XCConfigurationList;
			buildConfigurations = (
				161CF5FF2DB4EBA3008B3DE2 /* Debug */,
				161CF6002DB4EBA3008B3DE2 /* Release */,
			);
			defaultConfigurationIsVisible = 0;
			defaultConfigurationName = Release;
		};
		161CF6012DB4EBA3008B3DE2 /* Build configuration list for PBXNativeTarget "BROKEUITests" */ = {
			isa = XCConfigurationList;
			buildConfigurations = (
				161CF6022DB4EBA3008B3DE2 /* Debug */,
				161CF6032DB4EBA3008B3DE2 /* Release */,
			);
			defaultConfigurationIsVisible = 0;
			defaultConfigurationName = Release;
		};
/* End XCConfigurationList section */

/* Begin XCRemoteSwiftPackageReference section */
		1640041E2EDC8E92005B5A93 /* XCRemoteSwiftPackageReference "firebase-ios-sdk" */ = {
			isa = XCRemoteSwiftPackageReference;
			repositoryURL = "https://github.com/firebase/firebase-ios-sdk.git";
			requirement = {
				kind = upToNextMajorVersion;
				minimumVersion = 12.6.0;
			};
		};
/* End XCRemoteSwiftPackageReference section */

/* Begin XCSwiftPackageProductDependency section */
		1640041F2EDC8E92005B5A93 /* FirebaseAI */ = {
			isa = XCSwiftPackageProductDependency;
			package = 1640041E2EDC8E92005B5A93 /* XCRemoteSwiftPackageReference "firebase-ios-sdk" */;
			productName = FirebaseAI;
		};
		164004212EDC8E92005B5A93 /* FirebaseAILogic */ = {
			isa = XCSwiftPackageProductDependency;
			package = 1640041E2EDC8E92005B5A93 /* XCRemoteSwiftPackageReference "firebase-ios-sdk" */;
			productName = FirebaseAILogic;
		};
/* End XCSwiftPackageProductDependency section */
	};
	rootObject = 161CF5D22DB4EBA1008B3DE2 /* Project object */;
}
